
Microsoft Visual Studio Solution File, Format Version 12.00
# Visual Studio Version 17
VisualStudioVersion = 17.5.33414.496
MinimumVisualStudioVersion = 10.0.40219.1
Project("{8BC9CEB8-8B4A-11D0-8D11-00A0C91BC942}") = "Drone Identification", "Drone Identification\Drone Identification.vcxproj", "{38FF534C-CF07-46F1-900C-CE4C9CB91E3D}"
EndProject
Project("{8BC9CEB8-8B4A-11D0-8D11-00A0C91BC942}") = "Autotest", "Autotest\Autotest.vcxproj", "{A852D252-6F1D-4563-A0C8-ED4978311D61}"
EndProject
Global
	GlobalSection(SolutionConfigurationPlatforms) = preSolution
		Debug|x64 = Debug|x64
		Release|x64 = Release|x64
	EndGlobalSection
	GlobalSection(ProjectConfigurationPlatforms) = postSolution
		{38FF534C-CF07-46F1-900C-CE4C9CB91E3D}.Debug|x64.ActiveCfg = Debug|x64
		{38FF534C-CF07-46F1-900C-CE4C9CB91E3D}.Debug|x64.Build.0 = Debug|x64
		{38FF534C-CF07-46F1-900C-CE4C9CB91E3D}.Release|x64.ActiveCfg = Release|x64
		{38FF534C-CF07-46F1-900C-CE4C9CB91E3D}.Release|x64.Build.0 = Release|x64
		{A852D252-6F1D-4563-A0C8-ED4978311D61}.Debug|x64.ActiveCfg = Debug|x64
		{A852D252-6F1D-4563-A0C8-ED4978311D61}.Debug|x64.Build.0 = Debug|x64
		{A852D252-6F1D-4563-A0C8-ED4978311D61}.Release|x64.ActiveCfg = Release|x64
		{A852D252-6F1D-4563-A0C8-ED4978311D61}.Release|x64.Build.0 = Release|x64
	EndGlobalSection
	GlobalSection(SolutionProperties) = preSolution
		HideSolutionNode = FALSE
	EndGlobalSection
	GlobalSection(ExtensibilityGlobals) = postSolution
		SolutionGuid = {5ACB3B92-DC24-4586-8C47-652E3AA84970}
	EndGlobalSection
EndGlobal
